
Microsoft Visual Studio Solution File, Format Version 12.00
# Visual Studio Version 17
VisualStudioVersion = 17.8.34408.163
MinimumVisualStudioVersion = 10.0.40219.1
Project("{FAE04EC0-301F-11D3-BF4B-00C04F79EFBC}") = "WebApplication3", "WebApplication3\WebApplication3.csproj", "{28E17187-7811-437B-92BE-45C84FA31B89}"
EndProject
Global
	GlobalSection(SolutionConfigurationPlatforms) = preSolution
		Debug|Any CPU = Debug|Any CPU
		Release|Any CPU = Release|Any CPU
	EndGlobalSection
	GlobalSection(ProjectConfigurationPlatforms) = postSolution
		{28E17187-7811-437B-92BE-45C84FA31B89}.Debug|Any CPU.ActiveCfg = Debug|Any CPU
		{28E17187-7811-437B-92BE-45C84FA31B89}.Debug|Any CPU.Build.0 = Debug|Any CPU
		{28E17187-7811-437B-92BE-45C84FA31B89}.Release|Any CPU.ActiveCfg = Release|Any CPU
		{28E17187-7811-437B-92BE-45C84FA31B89}.Release|Any CPU.Build.0 = Release|Any CPU
	EndGlobalSection
	GlobalSection(SolutionProperties) = preSolution
		HideSolutionNode = FALSE
	EndGlobalSection
	GlobalSection(ExtensibilityGlobals) = postSolution
		SolutionGuid = {B46C807F-0E17-43AD-A8CD-341D35A411E2}
	EndGlobalSection
EndGlobal
